
Microsoft Visual Studio Solution File, Format Version 12.00
# Visual Studio Version 17
VisualStudioVersion = 17.0.31903.59
MinimumVisualStudioVersion = 10.0.40219.1
Project("{FAE04EC0-301F-11D3-BF4B-00C04F79EFBC}") = "VendasOnline.API", "VendasOnline.API\VendasOnline.API.csproj", "{0D4EB797-D640-4E11-80CD-8E2E37D7B282}"
EndProject
Project("{FAE04EC0-301F-11D3-BF4B-00C04F79EFBC}") = "VendasOnline.Dominio", "VendasOnline.Dominio\VendasOnline.Dominio.csproj", "{E9CFF6D1-BB18-417E-99AC-39A2CA34D1F5}"
EndProject
Project("{FAE04EC0-301F-11D3-BF4B-00C04F79EFBC}") = "VendasOnline.Infraestrutura", "VendasOnline.Infraestrutura\VendasOnline.Infraestrutura.csproj", "{11DBD21C-1DB8-4EA5-AEA7-2084CB695A54}"
EndProject
Project("{FAE04EC0-301F-11D3-BF4B-00C04F79EFBC}") = "VendasOnline.Servico", "VendasOnline.Servico\VendasOnline.Servico.csproj", "{E44B87EE-7C8C-4E60-B53A-C565E75BB109}"
EndProject
Project("{2150E333-8FDC-42A3-9474-1A3956D46DE8}") = "Solution Items", "Solution Items", "{0126FB4C-7176-42D2-B098-806E2AAC75D0}"
	ProjectSection(SolutionItems) = preProject
		README.md = README.md
	EndProjectSection
EndProject
Global
	GlobalSection(SolutionConfigurationPlatforms) = preSolution
		Debug|Any CPU = Debug|Any CPU
		Release|Any CPU = Release|Any CPU
	EndGlobalSection
	GlobalSection(ProjectConfigurationPlatforms) = postSolution
		{0D4EB797-D640-4E11-80CD-8E2E37D7B282}.Debug|Any CPU.ActiveCfg = Debug|Any CPU
		{0D4EB797-D640-4E11-80CD-8E2E37D7B282}.Debug|Any CPU.Build.0 = Debug|Any CPU
		{0D4EB797-D640-4E11-80CD-8E2E37D7B282}.Release|Any CPU.ActiveCfg = Release|Any CPU
		{0D4EB797-D640-4E11-80CD-8E2E37D7B282}.Release|Any CPU.Build.0 = Release|Any CPU
		{E9CFF6D1-BB18-417E-99AC-39A2CA34D1F5}.Debug|Any CPU.ActiveCfg = Debug|Any CPU
		{E9CFF6D1-BB18-417E-99AC-39A2CA34D1F5}.Debug|Any CPU.Build.0 = Debug|Any CPU
		{E9CFF6D1-BB18-417E-99AC-39A2CA34D1F5}.Release|Any CPU.ActiveCfg = Release|Any CPU
		{E9CFF6D1-BB18-417E-99AC-39A2CA34D1F5}.Release|Any CPU.Build.0 = Release|Any CPU
		{11DBD21C-1DB8-4EA5-AEA7-2084CB695A54}.Debug|Any CPU.ActiveCfg = Debug|Any CPU
		{11DBD21C-1DB8-4EA5-AEA7-2084CB695A54}.Debug|Any CPU.Build.0 = Debug|Any CPU
		{11DBD21C-1DB8-4EA5-AEA7-2084CB695A54}.Release|Any CPU.ActiveCfg = Release|Any CPU
		{11DBD21C-1DB8-4EA5-AEA7-2084CB695A54}.Release|Any CPU.Build.0 = Release|Any CPU
		{E44B87EE-7C8C-4E60-B53A-C565E75BB109}.Debug|Any CPU.ActiveCfg = Debug|Any CPU
		{E44B87EE-7C8C-4E60-B53A-C565E75BB109}.Debug|Any CPU.Build.0 = Debug|Any CPU
		{E44B87EE-7C8C-4E60-B53A-C565E75BB109}.Release|Any CPU.ActiveCfg = Release|Any CPU
		{E44B87EE-7C8C-4E60-B53A-C565E75BB109}.Release|Any CPU.Build.0 = Release|Any CPU
	EndGlobalSection
	GlobalSection(SolutionProperties) = preSolution
		HideSolutionNode = FALSE
	EndGlobalSection
EndGlobal
